
Microsoft Visual Studio Solution File, Format Version 12.00
# Visual Studio 15
VisualStudioVersion = 15.0.28010.2003
MinimumVisualStudioVersion = 10.0.40219.1
Project("{FAE04EC0-301F-11D3-BF4B-00C04F79EFBC}") = "ExcelTask", "ExcelTask\ExcelTask.csproj", "{058135A5-779C-420B-8C13-883715280BA4}"
EndProject
Project("{FAE04EC0-301F-11D3-BF4B-00C04F79EFBC}") = "CountryJSON", "CountryJSON\CountryJSON.csproj", "{434A09D6-D2D9-4B01-B47D-9EA802C3603C}"
EndProject
Global
	GlobalSection(SolutionConfigurationPlatforms) = preSolution
		Debug|Any CPU = Debug|Any CPU
		Release|Any CPU = Release|Any CPU
	EndGlobalSection
	GlobalSection(ProjectConfigurationPlatforms) = postSolution
		{058135A5-779C-420B-8C13-883715280BA4}.Debug|Any CPU.ActiveCfg = Debug|Any CPU
		{058135A5-779C-420B-8C13-883715280BA4}.Debug|Any CPU.Build.0 = Debug|Any CPU
		{058135A5-779C-420B-8C13-883715280BA4}.Release|Any CPU.ActiveCfg = Release|Any CPU
		{058135A5-779C-420B-8C13-883715280BA4}.Release|Any CPU.Build.0 = Release|Any CPU
		{434A09D6-D2D9-4B01-B47D-9EA802C3603C}.Debug|Any CPU.ActiveCfg = Debug|Any CPU
		{434A09D6-D2D9-4B01-B47D-9EA802C3603C}.Debug|Any CPU.Build.0 = Debug|Any CPU
		{434A09D6-D2D9-4B01-B47D-9EA802C3603C}.Release|Any CPU.ActiveCfg = Release|Any CPU
		{434A09D6-D2D9-4B01-B47D-9EA802C3603C}.Release|Any CPU.Build.0 = Release|Any CPU
	EndGlobalSection
	GlobalSection(SolutionProperties) = preSolution
		HideSolutionNode = FALSE
	EndGlobalSection
	GlobalSection(ExtensibilityGlobals) = postSolution
		SolutionGuid = {BE8F0BDF-BDBD-4A25-B487-6507935758B5}
	EndGlobalSection
EndGlobal
