
Microsoft Visual Studio Solution File, Format Version 12.00
# Visual Studio 15
VisualStudioVersion = 15.0.28010.2003
MinimumVisualStudioVersion = 10.0.40219.1
Project("{FAE04EC0-301F-11D3-BF4B-00C04F79EFBC}") = "ExcelTask", "ExcelTask\ExcelTask.csproj", "{058135A5-779C-420B-8C13-883715280BA4}"
EndProject
Project("{FAE04EC0-301F-11D3-BF4B-00C04F79EFBC}") = "CountryJSON", "CountryJSON\CountryJSON.csproj", "{434A09D6-D2D9-4B01-B47D-9EA802C3603C}"
EndProject
Project("{FAE04EC0-301F-11D3-BF4B-00C04F79EFBC}") = "LogTask", "LogTask\LogTask.csproj", "{57E40680-6E6D-4537-9993-D487FA05A28B}"
EndProject
Project("{FAE04EC0-301F-11D3-BF4B-00C04F79EFBC}") = "AdoNetTask", "AdoNetTask\AdoNetTask.csproj", "{AFD1A7F6-5BC2-4D32-89FB-898BF2C65B54}"
EndProject
Project("{FAE04EC0-301F-11D3-BF4B-00C04F79EFBC}") = "TransactionsTask", "TransactionsTask\TransactionsTask.csproj", "{4925E953-8C26-470E-A8C1-7523A8ADEAF7}"
EndProject
Project("{FAE04EC0-301F-11D3-BF4B-00C04F79EFBC}") = "ShopEFTask", "ShopEFTask\ShopEFTask.csproj", "{4968F046-6E95-4FED-8F40-9D625A22983D}"
EndProject
Global
	GlobalSection(SolutionConfigurationPlatforms) = preSolution
		Debug|Any CPU = Debug|Any CPU
		Release|Any CPU = Release|Any CPU
	EndGlobalSection
	GlobalSection(ProjectConfigurationPlatforms) = postSolution
		{058135A5-779C-420B-8C13-883715280BA4}.Debug|Any CPU.ActiveCfg = Debug|Any CPU
		{058135A5-779C-420B-8C13-883715280BA4}.Debug|Any CPU.Build.0 = Debug|Any CPU
		{058135A5-779C-420B-8C13-883715280BA4}.Release|Any CPU.ActiveCfg = Release|Any CPU
		{058135A5-779C-420B-8C13-883715280BA4}.Release|Any CPU.Build.0 = Release|Any CPU
		{434A09D6-D2D9-4B01-B47D-9EA802C3603C}.Debug|Any CPU.ActiveCfg = Debug|Any CPU
		{434A09D6-D2D9-4B01-B47D-9EA802C3603C}.Debug|Any CPU.Build.0 = Debug|Any CPU
		{434A09D6-D2D9-4B01-B47D-9EA802C3603C}.Release|Any CPU.ActiveCfg = Release|Any CPU
		{434A09D6-D2D9-4B01-B47D-9EA802C3603C}.Release|Any CPU.Build.0 = Release|Any CPU
		{57E40680-6E6D-4537-9993-D487FA05A28B}.Debug|Any CPU.ActiveCfg = Debug|Any CPU
		{57E40680-6E6D-4537-9993-D487FA05A28B}.Debug|Any CPU.Build.0 = Debug|Any CPU
		{57E40680-6E6D-4537-9993-D487FA05A28B}.Release|Any CPU.ActiveCfg = Release|Any CPU
		{57E40680-6E6D-4537-9993-D487FA05A28B}.Release|Any CPU.Build.0 = Release|Any CPU
		{AFD1A7F6-5BC2-4D32-89FB-898BF2C65B54}.Debug|Any CPU.ActiveCfg = Debug|Any CPU
		{AFD1A7F6-5BC2-4D32-89FB-898BF2C65B54}.Debug|Any CPU.Build.0 = Debug|Any CPU
		{AFD1A7F6-5BC2-4D32-89FB-898BF2C65B54}.Release|Any CPU.ActiveCfg = Release|Any CPU
		{AFD1A7F6-5BC2-4D32-89FB-898BF2C65B54}.Release|Any CPU.Build.0 = Release|Any CPU
		{4925E953-8C26-470E-A8C1-7523A8ADEAF7}.Debug|Any CPU.ActiveCfg = Debug|Any CPU
		{4925E953-8C26-470E-A8C1-7523A8ADEAF7}.Debug|Any CPU.Build.0 = Debug|Any CPU
		{4925E953-8C26-470E-A8C1-7523A8ADEAF7}.Release|Any CPU.ActiveCfg = Release|Any CPU
		{4925E953-8C26-470E-A8C1-7523A8ADEAF7}.Release|Any CPU.Build.0 = Release|Any CPU
		{4968F046-6E95-4FED-8F40-9D625A22983D}.Debug|Any CPU.ActiveCfg = Debug|Any CPU
		{4968F046-6E95-4FED-8F40-9D625A22983D}.Debug|Any CPU.Build.0 = Debug|Any CPU
		{4968F046-6E95-4FED-8F40-9D625A22983D}.Release|Any CPU.ActiveCfg = Release|Any CPU
		{4968F046-6E95-4FED-8F40-9D625A22983D}.Release|Any CPU.Build.0 = Release|Any CPU
	EndGlobalSection
	GlobalSection(SolutionProperties) = preSolution
		HideSolutionNode = FALSE
	EndGlobalSection
	GlobalSection(ExtensibilityGlobals) = postSolution
		SolutionGuid = {BE8F0BDF-BDBD-4A25-B487-6507935758B5}
	EndGlobalSection
EndGlobal
