
Microsoft Visual Studio Solution File, Format Version 12.00
# Visual Studio 15
VisualStudioVersion = 15.0.27428.2037
MinimumVisualStudioVersion = 10.0.40219.1
Project("{FAE04EC0-301F-11D3-BF4B-00C04F79EFBC}") = "Model", "Model\Model.csproj", "{8F973B0D-19EC-4E88-B1F1-42CDD4A0E2ED}"
EndProject
Project("{FAE04EC0-301F-11D3-BF4B-00C04F79EFBC}") = "GUI", "GUI\GUI.csproj", "{FBBAB661-126C-4A13-B73D-A98B54766C68}"
EndProject
Global
	GlobalSection(SolutionConfigurationPlatforms) = preSolution
		Debug|Any CPU = Debug|Any CPU
		Release|Any CPU = Release|Any CPU
	EndGlobalSection
	GlobalSection(ProjectConfigurationPlatforms) = postSolution
		{8F973B0D-19EC-4E88-B1F1-42CDD4A0E2ED}.Debug|Any CPU.ActiveCfg = Debug|Any CPU
		{8F973B0D-19EC-4E88-B1F1-42CDD4A0E2ED}.Debug|Any CPU.Build.0 = Debug|Any CPU
		{8F973B0D-19EC-4E88-B1F1-42CDD4A0E2ED}.Release|Any CPU.ActiveCfg = Release|Any CPU
		{8F973B0D-19EC-4E88-B1F1-42CDD4A0E2ED}.Release|Any CPU.Build.0 = Release|Any CPU
		{FBBAB661-126C-4A13-B73D-A98B54766C68}.Debug|Any CPU.ActiveCfg = Debug|Any CPU
		{FBBAB661-126C-4A13-B73D-A98B54766C68}.Debug|Any CPU.Build.0 = Debug|Any CPU
		{FBBAB661-126C-4A13-B73D-A98B54766C68}.Release|Any CPU.ActiveCfg = Release|Any CPU
		{FBBAB661-126C-4A13-B73D-A98B54766C68}.Release|Any CPU.Build.0 = Release|Any CPU
	EndGlobalSection
	GlobalSection(SolutionProperties) = preSolution
		HideSolutionNode = FALSE
	EndGlobalSection
	GlobalSection(ExtensibilityGlobals) = postSolution
		SolutionGuid = {C094D744-66DD-41DB-AB6B-7ABA5ED76C6D}
	EndGlobalSection
EndGlobal
