
Microsoft Visual Studio Solution File, Format Version 12.00
# Visual Studio 15
VisualStudioVersion = 15.0.27428.2037
MinimumVisualStudioVersion = 10.0.40219.1
Project("{FAE04EC0-301F-11D3-BF4B-00C04F79EFBC}") = "Range", "Range\Range.csproj", "{78ED51BD-7C05-4AEF-90A6-78184788EAF7}"
EndProject
Project("{FAE04EC0-301F-11D3-BF4B-00C04F79EFBC}") = "Vector", "Vector\Vector.csproj", "{261DF63C-89AC-48FD-AA60-F281095E5376}"
EndProject
Project("{FAE04EC0-301F-11D3-BF4B-00C04F79EFBC}") = "Shapes", "Shapes\Shapes.csproj", "{7301C441-9F35-4946-AA4F-55D9EA5ED839}"
EndProject
Project("{FAE04EC0-301F-11D3-BF4B-00C04F79EFBC}") = "Matrix", "Matrix\Matrix.csproj", "{9EF40966-5AC0-4646-BD49-753BB4D1C261}"
EndProject
Project("{FAE04EC0-301F-11D3-BF4B-00C04F79EFBC}") = "ArrayListHome", "ArrayListHome\ArrayListHome.csproj", "{ED7FA3BC-FF1B-4874-BF26-F9CDE58713F9}"
EndProject
Project("{FAE04EC0-301F-11D3-BF4B-00C04F79EFBC}") = "SinglyLinkedList", "SinglyLinkedList\SinglyLinkedList.csproj", "{0202826F-ED0D-44C8-9484-1440ACC5CBC8}"
EndProject
Project("{FAE04EC0-301F-11D3-BF4B-00C04F79EFBC}") = "List", "List\List.csproj", "{D19CA432-25E1-4959-A596-19C61F959C8A}"
EndProject
Project("{FAE04EC0-301F-11D3-BF4B-00C04F79EFBC}") = "HashTable", "HashTable\HashTable.csproj", "{314324BD-FCD5-42B5-A365-47622EE1D9A9}"
EndProject
Project("{FAE04EC0-301F-11D3-BF4B-00C04F79EFBC}") = "SinglyLinkedListOptional", "SinglyLinkedListOptional\SinglyLinkedListOptional.csproj", "{6FD6703B-7C84-4216-86A8-A016C0A90257}"
EndProject
Project("{FAE04EC0-301F-11D3-BF4B-00C04F79EFBC}") = "Tree", "Tree\Tree.csproj", "{018EDEA2-92BF-4EAB-82B9-02A7F2780736}"
EndProject
Project("{FAE04EC0-301F-11D3-BF4B-00C04F79EFBC}") = "Graph", "Graph\Graph.csproj", "{D7D8ADFA-DBDF-4BF0-B4FB-6E5DA3598B85}"
EndProject
Project("{FAE04EC0-301F-11D3-BF4B-00C04F79EFBC}") = "Lambda1", "LambdaHome\Lambda1.csproj", "{3BB34047-69EB-4878-ADFA-FDE8E74AB830}"
EndProject
Project("{FAE04EC0-301F-11D3-BF4B-00C04F79EFBC}") = "Lambda2", "Lambda2\Lambda2.csproj", "{0F8868E0-9216-4DC3-958E-FD50EB00D309}"
EndProject
Project("{FAE04EC0-301F-11D3-BF4B-00C04F79EFBC}") = "lection16", "lection16\lection16.csproj", "{BD9918E4-D3E3-4399-B600-78F54851DDD7}"
EndProject
Project("{FAE04EC0-301F-11D3-BF4B-00C04F79EFBC}") = "Lection18", "Lection18\Lection18.csproj", "{7CB8E2BC-D509-4C13-97F9-CBCF176456C8}"
EndProject
Project("{FAE04EC0-301F-11D3-BF4B-00C04F79EFBC}") = "Lection19", "Lection19\Lection19.csproj", "{896B24F5-3B54-4AEA-8346-69C7D7B7FEDC}"
EndProject
Project("{FAE04EC0-301F-11D3-BF4B-00C04F79EFBC}") = "Lection21", "Lection21\Lection21.csproj", "{A75F2BBD-495E-4A73-B89D-1E8A4D4034D0}"
EndProject
Project("{FAE04EC0-301F-11D3-BF4B-00C04F79EFBC}") = "TemperatureConverter", "TemperatureConverter\TemperatureConverter.csproj", "{C2E0CFB6-63E5-4E70-90FF-1D7F43E3D10C}"
EndProject
Project("{FAE04EC0-301F-11D3-BF4B-00C04F79EFBC}") = "TemperatureConverter2", "TemperatureConverter2\TemperatureConverter2.csproj", "{5EC505E7-E081-48E9-9BFF-A02A774692F2}"
EndProject
Project("{FAE04EC0-301F-11D3-BF4B-00C04F79EFBC}") = "TemperatureConverter3", "TemperatureConverter3\TemperatureConverter3.csproj", "{9C6CDD2A-0D5B-478E-878C-0DC07810F574}"
EndProject
Project("{FAE04EC0-301F-11D3-BF4B-00C04F79EFBC}") = "lecture180819_lambdas", "lecture180819_lambdas\lecture180819_lambdas.csproj", "{FF336091-D6CB-4DEF-9E4F-2BE591EC9FDC}"
EndProject
Global
	GlobalSection(SolutionConfigurationPlatforms) = preSolution
		Debug|Any CPU = Debug|Any CPU
		Release|Any CPU = Release|Any CPU
	EndGlobalSection
	GlobalSection(ProjectConfigurationPlatforms) = postSolution
		{78ED51BD-7C05-4AEF-90A6-78184788EAF7}.Debug|Any CPU.ActiveCfg = Debug|Any CPU
		{78ED51BD-7C05-4AEF-90A6-78184788EAF7}.Debug|Any CPU.Build.0 = Debug|Any CPU
		{78ED51BD-7C05-4AEF-90A6-78184788EAF7}.Release|Any CPU.ActiveCfg = Release|Any CPU
		{78ED51BD-7C05-4AEF-90A6-78184788EAF7}.Release|Any CPU.Build.0 = Release|Any CPU
		{261DF63C-89AC-48FD-AA60-F281095E5376}.Debug|Any CPU.ActiveCfg = Debug|Any CPU
		{261DF63C-89AC-48FD-AA60-F281095E5376}.Debug|Any CPU.Build.0 = Debug|Any CPU
		{261DF63C-89AC-48FD-AA60-F281095E5376}.Release|Any CPU.ActiveCfg = Release|Any CPU
		{261DF63C-89AC-48FD-AA60-F281095E5376}.Release|Any CPU.Build.0 = Release|Any CPU
		{7301C441-9F35-4946-AA4F-55D9EA5ED839}.Debug|Any CPU.ActiveCfg = Debug|Any CPU
		{7301C441-9F35-4946-AA4F-55D9EA5ED839}.Debug|Any CPU.Build.0 = Debug|Any CPU
		{7301C441-9F35-4946-AA4F-55D9EA5ED839}.Release|Any CPU.ActiveCfg = Release|Any CPU
		{7301C441-9F35-4946-AA4F-55D9EA5ED839}.Release|Any CPU.Build.0 = Release|Any CPU
		{9EF40966-5AC0-4646-BD49-753BB4D1C261}.Debug|Any CPU.ActiveCfg = Debug|Any CPU
		{9EF40966-5AC0-4646-BD49-753BB4D1C261}.Debug|Any CPU.Build.0 = Debug|Any CPU
		{9EF40966-5AC0-4646-BD49-753BB4D1C261}.Release|Any CPU.ActiveCfg = Release|Any CPU
		{9EF40966-5AC0-4646-BD49-753BB4D1C261}.Release|Any CPU.Build.0 = Release|Any CPU
		{ED7FA3BC-FF1B-4874-BF26-F9CDE58713F9}.Debug|Any CPU.ActiveCfg = Debug|Any CPU
		{ED7FA3BC-FF1B-4874-BF26-F9CDE58713F9}.Debug|Any CPU.Build.0 = Debug|Any CPU
		{ED7FA3BC-FF1B-4874-BF26-F9CDE58713F9}.Release|Any CPU.ActiveCfg = Release|Any CPU
		{ED7FA3BC-FF1B-4874-BF26-F9CDE58713F9}.Release|Any CPU.Build.0 = Release|Any CPU
		{0202826F-ED0D-44C8-9484-1440ACC5CBC8}.Debug|Any CPU.ActiveCfg = Debug|Any CPU
		{0202826F-ED0D-44C8-9484-1440ACC5CBC8}.Debug|Any CPU.Build.0 = Debug|Any CPU
		{0202826F-ED0D-44C8-9484-1440ACC5CBC8}.Release|Any CPU.ActiveCfg = Release|Any CPU
		{0202826F-ED0D-44C8-9484-1440ACC5CBC8}.Release|Any CPU.Build.0 = Release|Any CPU
		{D19CA432-25E1-4959-A596-19C61F959C8A}.Debug|Any CPU.ActiveCfg = Debug|Any CPU
		{D19CA432-25E1-4959-A596-19C61F959C8A}.Debug|Any CPU.Build.0 = Debug|Any CPU
		{D19CA432-25E1-4959-A596-19C61F959C8A}.Release|Any CPU.ActiveCfg = Release|Any CPU
		{D19CA432-25E1-4959-A596-19C61F959C8A}.Release|Any CPU.Build.0 = Release|Any CPU
		{314324BD-FCD5-42B5-A365-47622EE1D9A9}.Debug|Any CPU.ActiveCfg = Debug|Any CPU
		{314324BD-FCD5-42B5-A365-47622EE1D9A9}.Debug|Any CPU.Build.0 = Debug|Any CPU
		{314324BD-FCD5-42B5-A365-47622EE1D9A9}.Release|Any CPU.ActiveCfg = Release|Any CPU
		{314324BD-FCD5-42B5-A365-47622EE1D9A9}.Release|Any CPU.Build.0 = Release|Any CPU
		{6FD6703B-7C84-4216-86A8-A016C0A90257}.Debug|Any CPU.ActiveCfg = Debug|Any CPU
		{6FD6703B-7C84-4216-86A8-A016C0A90257}.Debug|Any CPU.Build.0 = Debug|Any CPU
		{6FD6703B-7C84-4216-86A8-A016C0A90257}.Release|Any CPU.ActiveCfg = Release|Any CPU
		{6FD6703B-7C84-4216-86A8-A016C0A90257}.Release|Any CPU.Build.0 = Release|Any CPU
		{018EDEA2-92BF-4EAB-82B9-02A7F2780736}.Debug|Any CPU.ActiveCfg = Debug|Any CPU
		{018EDEA2-92BF-4EAB-82B9-02A7F2780736}.Debug|Any CPU.Build.0 = Debug|Any CPU
		{018EDEA2-92BF-4EAB-82B9-02A7F2780736}.Release|Any CPU.ActiveCfg = Release|Any CPU
		{018EDEA2-92BF-4EAB-82B9-02A7F2780736}.Release|Any CPU.Build.0 = Release|Any CPU
		{D7D8ADFA-DBDF-4BF0-B4FB-6E5DA3598B85}.Debug|Any CPU.ActiveCfg = Debug|Any CPU
		{D7D8ADFA-DBDF-4BF0-B4FB-6E5DA3598B85}.Debug|Any CPU.Build.0 = Debug|Any CPU
		{D7D8ADFA-DBDF-4BF0-B4FB-6E5DA3598B85}.Release|Any CPU.ActiveCfg = Release|Any CPU
		{D7D8ADFA-DBDF-4BF0-B4FB-6E5DA3598B85}.Release|Any CPU.Build.0 = Release|Any CPU
		{3BB34047-69EB-4878-ADFA-FDE8E74AB830}.Debug|Any CPU.ActiveCfg = Debug|Any CPU
		{3BB34047-69EB-4878-ADFA-FDE8E74AB830}.Debug|Any CPU.Build.0 = Debug|Any CPU
		{3BB34047-69EB-4878-ADFA-FDE8E74AB830}.Release|Any CPU.ActiveCfg = Release|Any CPU
		{3BB34047-69EB-4878-ADFA-FDE8E74AB830}.Release|Any CPU.Build.0 = Release|Any CPU
		{0F8868E0-9216-4DC3-958E-FD50EB00D309}.Debug|Any CPU.ActiveCfg = Debug|Any CPU
		{0F8868E0-9216-4DC3-958E-FD50EB00D309}.Debug|Any CPU.Build.0 = Debug|Any CPU
		{0F8868E0-9216-4DC3-958E-FD50EB00D309}.Release|Any CPU.ActiveCfg = Release|Any CPU
		{0F8868E0-9216-4DC3-958E-FD50EB00D309}.Release|Any CPU.Build.0 = Release|Any CPU
		{BD9918E4-D3E3-4399-B600-78F54851DDD7}.Debug|Any CPU.ActiveCfg = Debug|Any CPU
		{BD9918E4-D3E3-4399-B600-78F54851DDD7}.Debug|Any CPU.Build.0 = Debug|Any CPU
		{BD9918E4-D3E3-4399-B600-78F54851DDD7}.Release|Any CPU.ActiveCfg = Release|Any CPU
		{BD9918E4-D3E3-4399-B600-78F54851DDD7}.Release|Any CPU.Build.0 = Release|Any CPU
		{7CB8E2BC-D509-4C13-97F9-CBCF176456C8}.Debug|Any CPU.ActiveCfg = Debug|Any CPU
		{7CB8E2BC-D509-4C13-97F9-CBCF176456C8}.Debug|Any CPU.Build.0 = Debug|Any CPU
		{7CB8E2BC-D509-4C13-97F9-CBCF176456C8}.Release|Any CPU.ActiveCfg = Release|Any CPU
		{7CB8E2BC-D509-4C13-97F9-CBCF176456C8}.Release|Any CPU.Build.0 = Release|Any CPU
		{896B24F5-3B54-4AEA-8346-69C7D7B7FEDC}.Debug|Any CPU.ActiveCfg = Debug|Any CPU
		{896B24F5-3B54-4AEA-8346-69C7D7B7FEDC}.Debug|Any CPU.Build.0 = Debug|Any CPU
		{896B24F5-3B54-4AEA-8346-69C7D7B7FEDC}.Release|Any CPU.ActiveCfg = Release|Any CPU
		{896B24F5-3B54-4AEA-8346-69C7D7B7FEDC}.Release|Any CPU.Build.0 = Release|Any CPU
		{A75F2BBD-495E-4A73-B89D-1E8A4D4034D0}.Debug|Any CPU.ActiveCfg = Debug|Any CPU
		{A75F2BBD-495E-4A73-B89D-1E8A4D4034D0}.Debug|Any CPU.Build.0 = Debug|Any CPU
		{A75F2BBD-495E-4A73-B89D-1E8A4D4034D0}.Release|Any CPU.ActiveCfg = Release|Any CPU
		{A75F2BBD-495E-4A73-B89D-1E8A4D4034D0}.Release|Any CPU.Build.0 = Release|Any CPU
		{C2E0CFB6-63E5-4E70-90FF-1D7F43E3D10C}.Debug|Any CPU.ActiveCfg = Debug|Any CPU
		{C2E0CFB6-63E5-4E70-90FF-1D7F43E3D10C}.Debug|Any CPU.Build.0 = Debug|Any CPU
		{C2E0CFB6-63E5-4E70-90FF-1D7F43E3D10C}.Release|Any CPU.ActiveCfg = Release|Any CPU
		{C2E0CFB6-63E5-4E70-90FF-1D7F43E3D10C}.Release|Any CPU.Build.0 = Release|Any CPU
		{5EC505E7-E081-48E9-9BFF-A02A774692F2}.Debug|Any CPU.ActiveCfg = Debug|Any CPU
		{5EC505E7-E081-48E9-9BFF-A02A774692F2}.Debug|Any CPU.Build.0 = Debug|Any CPU
		{5EC505E7-E081-48E9-9BFF-A02A774692F2}.Release|Any CPU.ActiveCfg = Release|Any CPU
		{5EC505E7-E081-48E9-9BFF-A02A774692F2}.Release|Any CPU.Build.0 = Release|Any CPU
		{9C6CDD2A-0D5B-478E-878C-0DC07810F574}.Debug|Any CPU.ActiveCfg = Debug|Any CPU
		{9C6CDD2A-0D5B-478E-878C-0DC07810F574}.Debug|Any CPU.Build.0 = Debug|Any CPU
		{9C6CDD2A-0D5B-478E-878C-0DC07810F574}.Release|Any CPU.ActiveCfg = Release|Any CPU
		{9C6CDD2A-0D5B-478E-878C-0DC07810F574}.Release|Any CPU.Build.0 = Release|Any CPU
		{FF336091-D6CB-4DEF-9E4F-2BE591EC9FDC}.Debug|Any CPU.ActiveCfg = Debug|Any CPU
		{FF336091-D6CB-4DEF-9E4F-2BE591EC9FDC}.Debug|Any CPU.Build.0 = Debug|Any CPU
		{FF336091-D6CB-4DEF-9E4F-2BE591EC9FDC}.Release|Any CPU.ActiveCfg = Release|Any CPU
		{FF336091-D6CB-4DEF-9E4F-2BE591EC9FDC}.Release|Any CPU.Build.0 = Release|Any CPU
	EndGlobalSection
	GlobalSection(SolutionProperties) = preSolution
		HideSolutionNode = FALSE
	EndGlobalSection
	GlobalSection(ExtensibilityGlobals) = postSolution
		SolutionGuid = {B70EB0CC-DB74-4E19-83CA-9FBB871F5EFE}
	EndGlobalSection
EndGlobal
