
Microsoft Visual Studio Solution File, Format Version 12.00
# Visual Studio 15
VisualStudioVersion = 15.0.27428.2037
MinimumVisualStudioVersion = 10.0.40219.1
Project("{FAE04EC0-301F-11D3-BF4B-00C04F79EFBC}") = "Range", "Range\Range.csproj", "{78ED51BD-7C05-4AEF-90A6-78184788EAF7}"
EndProject
Project("{FAE04EC0-301F-11D3-BF4B-00C04F79EFBC}") = "Vector", "Vector\Vector.csproj", "{261DF63C-89AC-48FD-AA60-F281095E5376}"
EndProject
Project("{FAE04EC0-301F-11D3-BF4B-00C04F79EFBC}") = "Shapes", "Shapes\Shapes.csproj", "{7301C441-9F35-4946-AA4F-55D9EA5ED839}"
EndProject
Project("{FAE04EC0-301F-11D3-BF4B-00C04F79EFBC}") = "Matrix", "Matrix\Matrix.csproj", "{9EF40966-5AC0-4646-BD49-753BB4D1C261}"
EndProject
Project("{FAE04EC0-301F-11D3-BF4B-00C04F79EFBC}") = "ArrayListHome", "ArrayListHome\ArrayListHome.csproj", "{ED7FA3BC-FF1B-4874-BF26-F9CDE58713F9}"
EndProject
Project("{FAE04EC0-301F-11D3-BF4B-00C04F79EFBC}") = "SinglyLinkedList", "SinglyLinkedList\SinglyLinkedList.csproj", "{0202826F-ED0D-44C8-9484-1440ACC5CBC8}"
EndProject
Project("{FAE04EC0-301F-11D3-BF4B-00C04F79EFBC}") = "List", "List\List.csproj", "{D19CA432-25E1-4959-A596-19C61F959C8A}"
EndProject
Project("{FAE04EC0-301F-11D3-BF4B-00C04F79EFBC}") = "HashTable", "HashTable\HashTable.csproj", "{314324BD-FCD5-42B5-A365-47622EE1D9A9}"
EndProject
Global
	GlobalSection(SolutionConfigurationPlatforms) = preSolution
		Debug|Any CPU = Debug|Any CPU
		Release|Any CPU = Release|Any CPU
	EndGlobalSection
	GlobalSection(ProjectConfigurationPlatforms) = postSolution
		{78ED51BD-7C05-4AEF-90A6-78184788EAF7}.Debug|Any CPU.ActiveCfg = Debug|Any CPU
		{78ED51BD-7C05-4AEF-90A6-78184788EAF7}.Debug|Any CPU.Build.0 = Debug|Any CPU
		{78ED51BD-7C05-4AEF-90A6-78184788EAF7}.Release|Any CPU.ActiveCfg = Release|Any CPU
		{78ED51BD-7C05-4AEF-90A6-78184788EAF7}.Release|Any CPU.Build.0 = Release|Any CPU
		{261DF63C-89AC-48FD-AA60-F281095E5376}.Debug|Any CPU.ActiveCfg = Debug|Any CPU
		{261DF63C-89AC-48FD-AA60-F281095E5376}.Debug|Any CPU.Build.0 = Debug|Any CPU
		{261DF63C-89AC-48FD-AA60-F281095E5376}.Release|Any CPU.ActiveCfg = Release|Any CPU
		{261DF63C-89AC-48FD-AA60-F281095E5376}.Release|Any CPU.Build.0 = Release|Any CPU
		{7301C441-9F35-4946-AA4F-55D9EA5ED839}.Debug|Any CPU.ActiveCfg = Debug|Any CPU
		{7301C441-9F35-4946-AA4F-55D9EA5ED839}.Debug|Any CPU.Build.0 = Debug|Any CPU
		{7301C441-9F35-4946-AA4F-55D9EA5ED839}.Release|Any CPU.ActiveCfg = Release|Any CPU
		{7301C441-9F35-4946-AA4F-55D9EA5ED839}.Release|Any CPU.Build.0 = Release|Any CPU
		{9EF40966-5AC0-4646-BD49-753BB4D1C261}.Debug|Any CPU.ActiveCfg = Debug|Any CPU
		{9EF40966-5AC0-4646-BD49-753BB4D1C261}.Debug|Any CPU.Build.0 = Debug|Any CPU
		{9EF40966-5AC0-4646-BD49-753BB4D1C261}.Release|Any CPU.ActiveCfg = Release|Any CPU
		{9EF40966-5AC0-4646-BD49-753BB4D1C261}.Release|Any CPU.Build.0 = Release|Any CPU
		{ED7FA3BC-FF1B-4874-BF26-F9CDE58713F9}.Debug|Any CPU.ActiveCfg = Debug|Any CPU
		{ED7FA3BC-FF1B-4874-BF26-F9CDE58713F9}.Debug|Any CPU.Build.0 = Debug|Any CPU
		{ED7FA3BC-FF1B-4874-BF26-F9CDE58713F9}.Release|Any CPU.ActiveCfg = Release|Any CPU
		{ED7FA3BC-FF1B-4874-BF26-F9CDE58713F9}.Release|Any CPU.Build.0 = Release|Any CPU
		{0202826F-ED0D-44C8-9484-1440ACC5CBC8}.Debug|Any CPU.ActiveCfg = Debug|Any CPU
		{0202826F-ED0D-44C8-9484-1440ACC5CBC8}.Debug|Any CPU.Build.0 = Debug|Any CPU
		{0202826F-ED0D-44C8-9484-1440ACC5CBC8}.Release|Any CPU.ActiveCfg = Release|Any CPU
		{0202826F-ED0D-44C8-9484-1440ACC5CBC8}.Release|Any CPU.Build.0 = Release|Any CPU
		{D19CA432-25E1-4959-A596-19C61F959C8A}.Debug|Any CPU.ActiveCfg = Debug|Any CPU
		{D19CA432-25E1-4959-A596-19C61F959C8A}.Debug|Any CPU.Build.0 = Debug|Any CPU
		{D19CA432-25E1-4959-A596-19C61F959C8A}.Release|Any CPU.ActiveCfg = Release|Any CPU
		{D19CA432-25E1-4959-A596-19C61F959C8A}.Release|Any CPU.Build.0 = Release|Any CPU
		{314324BD-FCD5-42B5-A365-47622EE1D9A9}.Debug|Any CPU.ActiveCfg = Debug|Any CPU
		{314324BD-FCD5-42B5-A365-47622EE1D9A9}.Debug|Any CPU.Build.0 = Debug|Any CPU
		{314324BD-FCD5-42B5-A365-47622EE1D9A9}.Release|Any CPU.ActiveCfg = Release|Any CPU
		{314324BD-FCD5-42B5-A365-47622EE1D9A9}.Release|Any CPU.Build.0 = Release|Any CPU
	EndGlobalSection
	GlobalSection(SolutionProperties) = preSolution
		HideSolutionNode = FALSE
	EndGlobalSection
	GlobalSection(ExtensibilityGlobals) = postSolution
		SolutionGuid = {B70EB0CC-DB74-4E19-83CA-9FBB871F5EFE}
	EndGlobalSection
EndGlobal
